github.com/bytedance/gopkg v0.0.0-20221028032628-1c5718bfa764 h1:qB0nUno3+AinseVV6OkLmrumFGoBdSbFTn7nHl/4nEk=
github.com/bytedance/gopkg v0.0.0-20221028032628-1c5718bfa764/go.mod h1:5FoAH5xUHHCMDvQPy1rnj8moqLkLHFaDVBjHhcFwEi0=
github.com/davecgh/go-spew v1.1.0/go.mod h1:J7Y8YcW2NihsgmVo/mv3lAwl/skON4iLHjSsI+c5H38=
github.com/pmezard/go-difflib v1.0.0/go.mod h1:iKH77koFhYxTK1pcRnkKkqfTogsbg7gZNVY4sRDYZ/4=
github.com/stretchr/objx v0.1.0/go.mod h1:HFkY916IF+rwdDfMAkV7OtwuqBVzrE8GR6GFx+wExME=
github.com/stretchr/testify v1.7.0/go.mod h1:6Fq8oRcR53rry900zMqJjRRixrwX3KX962/h/Wwjteg=
github.com/yuhao-jack/go-toolx v0.0.0-20221115030800-51080f181d29 h1:zEw2yZfHl7Y+O1o7yFRwKhWRJYCX3/RM8iQTUc/iqHo=
github.com/yuhao-jack/go-toolx v0.0.0-20221115030800-51080f181d29/go.mod h1:Msh/pTXpSKLRviDGiG85vLYGifVvuce7fgH6Ky8kb98=
github.com/yuhao-jack/go-toolx v0.0.0-20221118023553-200fa51cb824 h1:K11ooQJ47LBQNbXAaOeV6xWsBqmlVFQsSlHcJAe3i3Y=
github.com/yuhao-jack/go-toolx v0.0.0-20221118023553-200fa51cb824/go.mod h1:Msh/pTXpSKLRviDGiG85vLYGifVvuce7fgH6Ky8kb98=
github.com/yuhao-jack/go-toolx v0.0.0-20221202034315-2686664edc4d h1:4DqjDsJ2YjyXJn80CEXEZiII9CnLOQLvwmli/0k/QiE=
github.com/yuhao-jack/go-toolx v0.0.0-20221202034315-2686664edc4d/go.mod h1:Msh/pTXpSKLRviDGiG85vLYGifVvuce7fgH6Ky8kb98=
github.com/yuhao-jack/go-toolx v0.0.0-20221223074924-19a3ae43a8da h1:nxX9kThDr/C1KHTf9/11ZmFSO7s0VSD/ENQDoy981e0=
github.com/yuhao-jack/go-toolx v0.0.0-20221223074924-19a3ae43a8da/go.mod h1:Msh/pTXpSKLRviDGiG85vLYGifVvuce7fgH6Ky8kb98=
golang.org/x/sync v0.0.0-20210220032951-036812b2e83c/go.mod h1:RxMgew5VJxzue5/jJTE5uejpjVlOe/izrB70Jof72aM=
golang.org/x/sys v0.0.0-20221010170243-090e33056c14/go.mod h1:oPkhp1MJrh7nUepCBck5+mAzfO9JrbApNNgaTdGDITg=
gopkg.in/check.v1 v0.0.0-20161208181325-20d25e280405/go.mod h1:Co6ibVJAznAaIkqp8huTwlJQCZ016jof/cbN4VW5Yz0=
gopkg.in/yaml.v3 v3.0.0-20200313102051-9f266ea9e77c/go.mod h1:K4uyk7z7BCEPqu6E+C64Yfv1cQ7kz7rIZviUmN+EgEM=
